
Microsoft Visual Studio Solution File, Format Version 11.00
# Visual Studio 2010
Project("{8BC9CEB8-8B4A-11D0-8D11-00A0C91BC942}") = "Duplicate_File_Finder", "Duplicate_File_Finder\Duplicate_File_Finder.vcxproj", "{FE12BD3F-5834-42A8-91C8-3F42637E24DB}"
EndProject
Global
	GlobalSection(SolutionConfigurationPlatforms) = preSolution
		Debug|Win32 = Debug|Win32
		Release|Win32 = Release|Win32
	EndGlobalSection
	GlobalSection(ProjectConfigurationPlatforms) = postSolution
		{FE12BD3F-5834-42A8-91C8-3F42637E24DB}.Debug|Win32.ActiveCfg = Debug|Win32
		{FE12BD3F-5834-42A8-91C8-3F42637E24DB}.Debug|Win32.Build.0 = Debug|Win32
		{FE12BD3F-5834-42A8-91C8-3F42637E24DB}.Release|Win32.ActiveCfg = Release|Win32
		{FE12BD3F-5834-42A8-91C8-3F42637E24DB}.Release|Win32.Build.0 = Release|Win32
	EndGlobalSection
	GlobalSection(SolutionProperties) = preSolution
		HideSolutionNode = FALSE
	EndGlobalSection
EndGlobal
